
Microsoft Visual Studio Solution File, Format Version 12.00
# Visual Studio Version 17
VisualStudioVersion = 17.9.34728.123
MinimumVisualStudioVersion = 10.0.40219.1
Project("{FAE04EC0-301F-11D3-BF4B-00C04F79EFBC}") = "PROG7311", "PROG7311.csproj", "{CEF6EF2E-83B0-4792-830D-F0F899995C1D}"
EndProject
Global
	GlobalSection(SolutionConfigurationPlatforms) = preSolution
		Debug|Any CPU = Debug|Any CPU
		Release|Any CPU = Release|Any CPU
	EndGlobalSection
	GlobalSection(ProjectConfigurationPlatforms) = postSolution
		{CEF6EF2E-83B0-4792-830D-F0F899995C1D}.Debug|Any CPU.ActiveCfg = Debug|Any CPU
		{CEF6EF2E-83B0-4792-830D-F0F899995C1D}.Debug|Any CPU.Build.0 = Debug|Any CPU
		{CEF6EF2E-83B0-4792-830D-F0F899995C1D}.Release|Any CPU.ActiveCfg = Release|Any CPU
		{CEF6EF2E-83B0-4792-830D-F0F899995C1D}.Release|Any CPU.Build.0 = Release|Any CPU
	EndGlobalSection
	GlobalSection(SolutionProperties) = preSolution
		HideSolutionNode = FALSE
	EndGlobalSection
	GlobalSection(ExtensibilityGlobals) = postSolution
		SolutionGuid = {AA3F7BFC-1834-4323-8816-9CAB3AC4661E}
	EndGlobalSection
EndGlobal
